// !$*UTF8*$!
{
	archiveVersion = 1;
	classes = {
	};
	objectVersion = 77;
	objects = {

/* Begin PBXContainerItemProxy section */
		A094E5262CE0E3B7001AFF76 /* PBXContainerItemProxy */ = {
			isa = PBXContainerItemProxy;
			containerPortal = A094E5072CE0E3B6001AFF76 /* Project object */;
			proxyType = 1;
			remoteGlobalIDString = A094E50E2CE0E3B6001AFF76;
			remoteInfo = "Git Experiments";
		};
		A094E5302CE0E3B7001AFF76 /* PBXContainerItemProxy */ = {
			isa = PBXContainerItemProxy;
			containerPortal = A094E5072CE0E3B6001AFF76 /* Project object */;
			proxyType = 1;
			remoteGlobalIDString = A094E50E2CE0E3B6001AFF76;
			remoteInfo = "Git Experiments";
		};
/* End PBXContainerItemProxy section */

/* Begin PBXFileReference section */
		A094E50F2CE0E3B6001AFF76 /* Git Experiments.app */ = {isa = PBXFileReference; explicitFileType = wrapper.application; includeInIndex = 0; path = "Git Experiments.app"; sourceTree = BUILT_PRODUCTS_DIR; };
		A094E5252CE0E3B7001AFF76 /* Git ExperimentsTests.xctest */ = {isa = PBXFileReference; explicitFileType = wrapper.cfbundle; includeInIndex = 0; path = "Git ExperimentsTests.xctest"; sourceTree = BUILT_PRODUCTS_DIR; };
		A094E52F2CE0E3B7001AFF76 /* Git ExperimentsUITests.xctest */ = {isa = PBXFileReference; explicitFileType = wrapper.cfbundle; includeInIndex = 0; path = "Git ExperimentsUITests.xctest"; sourceTree = BUILT_PRODUCTS_DIR; };
/* End PBXFileReference section */

/* Begin PBXFileSystemSynchronizedBuildFileExceptionSet section */
		A094E5372CE0E3B7001AFF76 /* Exceptions for "Git Experiments" folder in "Git Experiments" target */ = {
			isa = PBXFileSystemSynchronizedBuildFileExceptionSet;
			membershipExceptions = (
				Info.plist,
			);
			target = A094E50E2CE0E3B6001AFF76 /* Git Experiments */;
		};
/* End PBXFileSystemSynchronizedBuildFileExceptionSet section */

/* Begin PBXFileSystemSynchronizedRootGroup section */
		A094E5112CE0E3B6001AFF76 /* Git Experiments */ = {
			isa = PBXFileSystemSynchronizedRootGroup;
			exceptions = (
				A094E5372CE0E3B7001AFF76 /* Exceptions for "Git Experiments" folder in "Git Experiments" target */,
			);
			path = "Git Experiments";
			sourceTree = "<group>";
		};
		A094E5282CE0E3B7001AFF76 /* Git ExperimentsTests */ = {
			isa = PBXFileSystemSynchronizedRootGroup;
			path = "Git ExperimentsTests";
			sourceTree = "<group>";
		};
		A094E5322CE0E3B7001AFF76 /* Git ExperimentsUITests */ = {
			isa = PBXFileSystemSynchronizedRootGroup;
			path = "Git ExperimentsUITests";
			sourceTree = "<group>";
		};
/* End PBXFileSystemSynchronizedRootGroup section */

/* Begin PBXFrameworksBuildPhase section */
		A094E50C2CE0E3B6001AFF76 /* Frameworks */ = {
			isa = PBXFrameworksBuildPhase;
			buildActionMask = 2147483647;
			files = (
			);
			runOnlyForDeploymentPostprocessing = 0;
		};
		A094E5222CE0E3B7001AFF76 /* Frameworks */ = {
			isa = PBXFrameworksBuildPhase;
			buildActionMask = 2147483647;
			files = (
			);
			runOnlyForDeploymentPostprocessing = 0;
		};
		A094E52C2CE0E3B7001AFF76 /* Frameworks */ = {
			isa = PBXFrameworksBuildPhase;
			buildActionMask = 2147483647;
			files = (
			);
			runOnlyForDeploymentPostprocessing = 0;
		};
/* End PBXFrameworksBuildPhase section */

/* Begin PBXGroup section */
		A094E5062CE0E3B6001AFF76 = {
			isa = PBXGroup;
			children = (
				A094E5112CE0E3B6001AFF76 /* Git Experiments */,
				A094E5282CE0E3B7001AFF76 /* Git ExperimentsTests */,
				A094E5322CE0E3B7001AFF76 /* Git ExperimentsUITests */,
				A094E5102CE0E3B6001AFF76 /* Products */,
			);
			sourceTree = "<group>";
		};
		A094E5102CE0E3B6001AFF76 /* Products */ = {
			isa = PBXGroup;
			children = (
				A094E50F2CE0E3B6001AFF76 /* Git Experiments.app */,
				A094E5252CE0E3B7001AFF76 /* Git ExperimentsTests.xctest */,
				A094E52F2CE0E3B7001AFF76 /* Git ExperimentsUITests.xctest */,
			);
			name = Products;
			sourceTree = "<group>";
		};
/* End PBXGroup section */

/* Begin PBXNativeTarget section */
		A094E50E2CE0E3B6001AFF76 /* Git Experiments */ = {
			isa = PBXNativeTarget;
			buildConfigurationList = A094E5382CE0E3B7001AFF76 /* Build configuration list for PBXNativeTarget "Git Experiments" */;
			buildPhases = (
				A094E50B2CE0E3B6001AFF76 /* Sources */,
				A094E50C2CE0E3B6001AFF76 /* Frameworks */,
				A094E50D2CE0E3B6001AFF76 /* Resources */,
			);
			buildRules = (
			);
			dependencies = (
			);
			fileSystemSynchronizedGroups = (
				A094E5112CE0E3B6001AFF76 /* Git Experiments */,
			);
			name = "Git Experiments";
			packageProductDependencies = (
			);
			productName = "Git Experiments";
			productReference = A094E50F2CE0E3B6001AFF76 /* Git Experiments.app */;
			productType = "com.apple.product-type.application";
		};
		A094E5242CE0E3B7001AFF76 /* Git ExperimentsTests */ = {
			isa = PBXNativeTarget;
			buildConfigurationList = A094E53D2CE0E3B7001AFF76 /* Build configuration list for PBXNativeTarget "Git ExperimentsTests" */;
			buildPhases = (
				A094E5212CE0E3B7001AFF76 /* Sources */,
				A094E5222CE0E3B7001AFF76 /* Frameworks */,
				A094E5232CE0E3B7001AFF76 /* Resources */,
			);
			buildRules = (
			);
			dependencies = (
				A094E5272CE0E3B7001AFF76 /* PBXTargetDependency */,
			);
			fileSystemSynchronizedGroups = (
				A094E5282CE0E3B7001AFF76 /* Git ExperimentsTests */,
			);
			name = "Git ExperimentsTests";
			packageProductDependencies = (
			);
			productName = "Git ExperimentsTests";
			productReference = A094E5252CE0E3B7001AFF76 /* Git ExperimentsTests.xctest */;
			productType = "com.apple.product-type.bundle.unit-test";
		};
		A094E52E2CE0E3B7001AFF76 /* Git ExperimentsUITests */ = {
			isa = PBXNativeTarget;
			buildConfigurationList = A094E5402CE0E3B7001AFF76 /* Build configuration list for PBXNativeTarget "Git ExperimentsUITests" */;
			buildPhases = (
				A094E52B2CE0E3B7001AFF76 /* Sources */,
				A094E52C2CE0E3B7001AFF76 /* Frameworks */,
				A094E52D2CE0E3B7001AFF76 /* Resources */,
			);
			buildRules = (
			);
			dependencies = (
				A094E5312CE0E3B7001AFF76 /* PBXTargetDependency */,
			);
			fileSystemSynchronizedGroups = (
				A094E5322CE0E3B7001AFF76 /* Git ExperimentsUITests */,
			);
			name = "Git ExperimentsUITests";
			packageProductDependencies = (
			);
			productName = "Git ExperimentsUITests";
			productReference = A094E52F2CE0E3B7001AFF76 /* Git ExperimentsUITests.xctest */;
			productType = "com.apple.product-type.bundle.ui-testing";
		};
/* End PBXNativeTarget section */

/* Begin PBXProject section */
		A094E5072CE0E3B6001AFF76 /* Project object */ = {
			isa = PBXProject;
			attributes = {
				BuildIndependentTargetsInParallel = 1;
				LastSwiftUpdateCheck = 1610;
				LastUpgradeCheck = 1610;
				TargetAttributes = {
					A094E50E2CE0E3B6001AFF76 = {
						CreatedOnToolsVersion = 16.1;
					};
					A094E5242CE0E3B7001AFF76 = {
						CreatedOnToolsVersion = 16.1;
						TestTargetID = A094E50E2CE0E3B6001AFF76;
					};
					A094E52E2CE0E3B7001AFF76 = {
						CreatedOnToolsVersion = 16.1;
						TestTargetID = A094E50E2CE0E3B6001AFF76;
					};
				};
			};
			buildConfigurationList = A094E50A2CE0E3B6001AFF76 /* Build configuration list for PBXProject "Git Experiments" */;
			developmentRegion = en;
			hasScannedForEncodings = 0;
			knownRegions = (
				en,
				Base,
			);
			mainGroup = A094E5062CE0E3B6001AFF76;
			minimizedProjectReferenceProxies = 1;
			preferredProjectObjectVersion = 77;
			productRefGroup = A094E5102CE0E3B6001AFF76 /* Products */;
			projectDirPath = "";
			projectRoot = "";
			targets = (
				A094E50E2CE0E3B6001AFF76 /* Git Experiments */,
				A094E5242CE0E3B7001AFF76 /* Git ExperimentsTests */,
				A094E52E2CE0E3B7001AFF76 /* Git ExperimentsUITests */,
			);
		};
/* End PBXProject section */

/* Begin PBXResourcesBuildPhase section */
		A094E50D2CE0E3B6001AFF76 /* Resources */ = {
			isa = PBXResourcesBuildPhase;
			buildActionMask = 2147483647;
			files = (
			);
			runOnlyForDeploymentPostprocessing = 0;
		};
		A094E5232CE0E3B7001AFF76 /* Resources */ = {
			isa = PBXResourcesBuildPhase;
			buildActionMask = 2147483647;
			files = (
			);
			runOnlyForDeploymentPostprocessing = 0;
		};
		A094E52D2CE0E3B7001AFF76 /* Resources */ = {
			isa = PBXResourcesBuildPhase;
			buildActionMask = 2147483647;
			files = (
			);
			runOnlyForDeploymentPostprocessing = 0;
		};
/* End PBXResourcesBuildPhase section */

/* Begin PBXSourcesBuildPhase section */
		A094E50B2CE0E3B6001AFF76 /* Sources */ = {
			isa = PBXSourcesBuildPhase;
			buildActionMask = 2147483647;
			files = (
			);
			runOnlyForDeploymentPostprocessing = 0;
		};
		A094E5212CE0E3B7001AFF76 /* Sources */ = {
			isa = PBXSourcesBuildPhase;
			buildActionMask = 2147483647;
			files = (
			);
			runOnlyForDeploymentPostprocessing = 0;
		};
		A094E52B2CE0E3B7001AFF76 /* Sources */ = {
			isa = PBXSourcesBuildPhase;
			buildActionMask = 2147483647;
			files = (
			);
			runOnlyForDeploymentPostprocessing = 0;
		};
/* End PBXSourcesBuildPhase section */

/* Begin PBXTargetDependency section */
		A094E5272CE0E3B7001AFF76 /* PBXTargetDependency */ = {
			isa = PBXTargetDependency;
			target = A094E50E2CE0E3B6001AFF76 /* Git Experiments */;
			targetProxy = A094E5262CE0E3B7001AFF76 /* PBXContainerItemProxy */;
		};
		A094E5312CE0E3B7001AFF76 /* PBXTargetDependency */ = {
			isa = PBXTargetDependency;
			target = A094E50E2CE0E3B6001AFF76 /* Git Experiments */;
			targetProxy = A094E5302CE0E3B7001AFF76 /* PBXContainerItemProxy */;
		};
/* End PBXTargetDependency section */

/* Begin XCBuildConfiguration section */
		A094E5392CE0E3B7001AFF76 /* Debug */ = {
			isa = XCBuildConfiguration;
			buildSettings = {
				ASSETCATALOG_COMPILER_APPICON_NAME = AppIcon;
				ASSETCATALOG_COMPILER_GLOBAL_ACCENT_COLOR_NAME = AccentColor;
				CODE_SIGN_STYLE = Automatic;
				CURRENT_PROJECT_VERSION = 1;
				DEVELOPMENT_TEAM = HZ5CA5A584;
				GENERATE_INFOPLIST_FILE = YES;
				INFOPLIST_FILE = "Git Experiments/Info.plist";
				INFOPLIST_KEY_UIApplicationSupportsIndirectInputEvents = YES;
				INFOPLIST_KEY_UILaunchStoryboardName = LaunchScreen;
				INFOPLIST_KEY_UIMainStoryboardFile = Main;
				INFOPLIST_KEY_UISupportedInterfaceOrientations_iPad = "UIInterfaceOrientationPortrait UIInterfaceOrientationPortraitUpsideDown UIInterfaceOrientationLandscapeLeft UIInterfaceOrientationLandscapeRight";
				INFOPLIST_KEY_UISupportedInterfaceOrientations_iPhone = "UIInterfaceOrientationPortrait UIInterfaceOrientationLandscapeLeft UIInterfaceOrientationLandscapeRight";
				LD_RUNPATH_SEARCH_PATHS = (
					"$(inherited)",
					"@executable_path/Frameworks",
				);
				MARKETING_VERSION = 1.0;
				PRODUCT_BUNDLE_IDENTIFIER = "TheHu.Git-Experiments";
				PRODUCT_NAME = "$(TARGET_NAME)";
				SWIFT_EMIT_LOC_STRINGS = YES;
				SWIFT_VERSION = 5.0;
				TARGETED_DEVICE_FAMILY = "1,2";
			};
			name = Debug;
		};
		A094E53A2CE0E3B7001AFF76 /* Release */ = {
			isa = XCBuildConfiguration;
			buildSettings = {
				ASSETCATALOG_COMPILER_APPICON_NAME = AppIcon;
				ASSETCATALOG_COMPILER_GLOBAL_ACCENT_COLOR_NAME = AccentColor;
				CODE_SIGN_STYLE = Automatic;
				CURRENT_PROJECT_VERSION = 1;
				DEVELOPMENT_TEAM = HZ5CA5A584;
				GENERATE_INFOPLIST_FILE = YES;
				INFOPLIST_FILE = "Git Experiments/Info.plist";
				INFOPLIST_KEY_UIApplicationSupportsIndirectInputEvents = YES;
				INFOPLIST_KEY_UILaunchStoryboardName = LaunchScreen;
				INFOPLIST_KEY_UIMainStoryboardFile = Main;
				INFOPLIST_KEY_UISupportedInterfaceOrientations_iPad = "UIInterfaceOrientationPortrait UIInterfaceOrientationPortraitUpsideDown UIInterfaceOrientationLandscapeLeft UIInterfaceOrientationLandscapeRight";
				INFOPLIST_KEY_UISupportedInterfaceOrientations_iPhone = "UIInterfaceOrientationPortrait UIInterfaceOrientationLandscapeLeft UIInterfaceOrientationLandscapeRight";
				LD_RUNPATH_SEARCH_PATHS = (
					"$(inherited)",
					"@executable_path/Frameworks",
				);
				MARKETING_VERSION = 1.0;
				PRODUCT_BUNDLE_IDENTIFIER = "TheHu.Git-Experiments";
				PRODUCT_NAME = "$(TARGET_NAME)";
				SWIFT_EMIT_LOC_STRINGS = YES;
				SWIFT_VERSION = 5.0;
				TARGETED_DEVICE_FAMILY = "1,2";
			};
			name = Release;
		};
		A094E53B2CE0E3B7001AFF76 /* Debug */ = {
			isa = XCBuildConfiguration;
			buildSettings = {
				ALWAYS_SEARCH_USER_PATHS = NO;
				ASSETCATALOG_COMPILER_GENERATE_SWIFT_ASSET_SYMBOL_EXTENSIONS = YES;
				CLANG_ANALYZER_NONNULL = YES;
				CLANG_ANALYZER_NUMBER_OBJECT_CONVERSION = YES_AGGRESSIVE;
				CLANG_CXX_LANGUAGE_STANDARD = "gnu++20";
				CLANG_ENABLE_MODULES = YES;
				CLANG_ENABLE_OBJC_ARC = YES;
				CLANG_ENABLE_OBJC_WEAK = YES;
				CLANG_WARN_BLOCK_CAPTURE_AUTORELEASING = YES;
				CLANG_WARN_BOOL_CONVERSION = YES;
				CLANG_WARN_COMMA = YES;
				CLANG_WARN_CONSTANT_CONVERSION = YES;
				CLANG_WARN_DEPRECATED_OBJC_IMPLEMENTATIONS = YES;
				CLANG_WARN_DIRECT_OBJC_ISA_USAGE = YES_ERROR;
				CLANG_WARN_DOCUMENTATION_COMMENTS = YES;
				CLANG_WARN_EMPTY_BODY = YES;
				CLANG_WARN_ENUM_CONVERSION = YES;
				CLANG_WARN_INFINITE_RECURSION = YES;
				CLANG_WARN_INT_CONVERSION = YES;
				CLANG_WARN_NON_LITERAL_NULL_CONVERSION = YES;
				CLANG_WARN_OBJC_IMPLICIT_RETAIN_SELF = YES;
				CLANG_WARN_OBJC_LITERAL_CONVERSION = YES;
				CLANG_WARN_OBJC_ROOT_CLASS = YES_ERROR;
				CLANG_WARN_QUOTED_INCLUDE_IN_FRAMEWORK_HEADER = YES;
				CLANG_WARN_RANGE_LOOP_ANALYSIS = YES;
				CLANG_WARN_STRICT_PROTOTYPES = YES;
				CLANG_WARN_SUSPICIOUS_MOVE = YES;
				CLANG_WARN_UNGUARDED_AVAILABILITY = YES_AGGRESSIVE;
				CLANG_WARN_UNREACHABLE_CODE = YES;
				CLANG_WARN__DUPLICATE_METHOD_MATCH = YES;
				COPY_PHASE_STRIP = NO;
				DEBUG_INFORMATION_FORMAT = dwarf;
				ENABLE_STRICT_OBJC_MSGSEND = YES;
				ENABLE_TESTABILITY = YES;
				ENABLE_USER_SCRIPT_SANDBOXING = YES;
				GCC_C_LANGUAGE_STANDARD = gnu17;
				GCC_DYNAMIC_NO_PIC = NO;
				GCC_NO_COMMON_BLOCKS = YES;
				GCC_OPTIMIZATION_LEVEL = 0;
				GCC_PREPROCESSOR_DEFINITIONS = (
					"DEBUG=1",
					"$(inherited)",
				);
				GCC_WARN_64_TO_32_BIT_CONVERSION = YES;
				GCC_WARN_ABOUT_RETURN_TYPE = YES_ERROR;
				GCC_WARN_UNDECLARED_SELECTOR = YES;
				GCC_WARN_UNINITIALIZED_AUTOS = YES_AGGRESSIVE;
				GCC_WARN_UNUSED_FUNCTION = YES;
				GCC_WARN_UNUSED_VARIABLE = YES;
				IPHONEOS_DEPLOYMENT_TARGET = 18.1;
				LOCALIZATION_PREFERS_STRING_CATALOGS = YES;
				MTL_ENABLE_DEBUG_INFO = INCLUDE_SOURCE;
				MTL_FAST_MATH = YES;
				ONLY_ACTIVE_ARCH = YES;
				SDKROOT = iphoneos;
				SWIFT_ACTIVE_COMPILATION_CONDITIONS = "DEBUG $(inherited)";
				SWIFT_OPTIMIZATION_LEVEL = "-Onone";
			};
			name = Debug;
		};
		A094E53C2CE0E3B7001AFF76 /* Release */ = {
			isa = XCBuildConfiguration;
			buildSettings = {
				ALWAYS_SEARCH_USER_PATHS = NO;
				ASSETCATALOG_COMPILER_GENERATE_SWIFT_ASSET_SYMBOL_EXTENSIONS = YES;
				CLANG_ANALYZER_NONNULL = YES;
				CLANG_ANALYZER_NUMBER_OBJECT_CONVERSION = YES_AGGRESSIVE;
				CLANG_CXX_LANGUAGE_STANDARD = "gnu++20";
				CLANG_ENABLE_MODULES = YES;
				CLANG_ENABLE_OBJC_ARC = YES;
				CLANG_ENABLE_OBJC_WEAK = YES;
				CLANG_WARN_BLOCK_CAPTURE_AUTORELEASING = YES;
				CLANG_WARN_BOOL_CONVERSION = YES;
				CLANG_WARN_COMMA = YES;
				CLANG_WARN_CONSTANT_CONVERSION = YES;
				CLANG_WARN_DEPRECATED_OBJC_IMPLEMENTATIONS = YES;
				CLANG_WARN_DIRECT_OBJC_ISA_USAGE = YES_ERROR;
				CLANG_WARN_DOCUMENTATION_COMMENTS = YES;
				CLANG_WARN_EMPTY_BODY = YES;
				CLANG_WARN_ENUM_CONVERSION = YES;
				CLANG_WARN_INFINITE_RECURSION = YES;
				CLANG_WARN_INT_CONVERSION = YES;
				CLANG_WARN_NON_LITERAL_NULL_CONVERSION = YES;
				CLANG_WARN_OBJC_IMPLICIT_RETAIN_SELF = YES;
				CLANG_WARN_OBJC_LITERAL_CONVERSION = YES;
				CLANG_WARN_OBJC_ROOT_CLASS = YES_ERROR;
				CLANG_WARN_QUOTED_INCLUDE_IN_FRAMEWORK_HEADER = YES;
				CLANG_WARN_RANGE_LOOP_ANALYSIS = YES;
				CLANG_WARN_STRICT_PROTOTYPES = YES;
				CLANG_WARN_SUSPICIOUS_MOVE = YES;
				CLANG_WARN_UNGUARDED_AVAILABILITY = YES_AGGRESSIVE;
				CLANG_WARN_UNREACHABLE_CODE = YES;
				CLANG_WARN__DUPLICATE_METHOD_MATCH = YES;
				COPY_PHASE_STRIP = NO;
				DEBUG_INFORMATION_FORMAT = "dwarf-with-dsym";
				ENABLE_NS_ASSERTIONS = NO;
				ENABLE_STRICT_OBJC_MSGSEND = YES;
				ENABLE_USER_SCRIPT_SANDBOXING = YES;
				GCC_C_LANGUAGE_STANDARD = gnu17;
				GCC_NO_COMMON_BLOCKS = YES;
				GCC_WARN_64_TO_32_BIT_CONVERSION = YES;
				GCC_WARN_ABOUT_RETURN_TYPE = YES_ERROR;
				GCC_WARN_UNDECLARED_SELECTOR = YES;
				GCC_WARN_UNINITIALIZED_AUTOS = YES_AGGRESSIVE;
				GCC_WARN_UNUSED_FUNCTION = YES;
				GCC_WARN_UNUSED_VARIABLE = YES;
				IPHONEOS_DEPLOYMENT_TARGET = 18.1;
				LOCALIZATION_PREFERS_STRING_CATALOGS = YES;
				MTL_ENABLE_DEBUG_INFO = NO;
				MTL_FAST_MATH = YES;
				SDKROOT = iphoneos;
				SWIFT_COMPILATION_MODE = wholemodule;
				VALIDATE_PRODUCT = YES;
			};
			name = Release;
		};
		A094E53E2CE0E3B7001AFF76 /* Debug */ = {
			isa = XCBuildConfiguration;
			buildSettings = {
				BUNDLE_LOADER = "$(TEST_HOST)";
				CODE_SIGN_STYLE = Automatic;
				CURRENT_PROJECT_VERSION = 1;
				DEVELOPMENT_TEAM = HZ5CA5A584;
				GENERATE_INFOPLIST_FILE = YES;
				IPHONEOS_DEPLOYMENT_TARGET = 18.1;
				MARKETING_VERSION = 1.0;
				PRODUCT_BUNDLE_IDENTIFIER = "TheHu.Git-ExperimentsTests";
				PRODUCT_NAME = "$(TARGET_NAME)";
				SWIFT_EMIT_LOC_STRINGS = NO;
				SWIFT_VERSION = 5.0;
				TARGETED_DEVICE_FAMILY = "1,2";
				TEST_HOST = "$(BUILT_PRODUCTS_DIR)/Git Experiments.app/$(BUNDLE_EXECUTABLE_FOLDER_PATH)/Git Experiments";
			};
			name = Debug;
		};
		A094E53F2CE0E3B7001AFF76 /* Release */ = {
			isa = XCBuildConfiguration;
			buildSettings = {
				BUNDLE_LOADER = "$(TEST_HOST)";
				CODE_SIGN_STYLE = Automatic;
				CURRENT_PROJECT_VERSION = 1;
				DEVELOPMENT_TEAM = HZ5CA5A584;
				GENERATE_INFOPLIST_FILE = YES;
				IPHONEOS_DEPLOYMENT_TARGET = 18.1;
				MARKETING_VERSION = 1.0;
				PRODUCT_BUNDLE_IDENTIFIER = "TheHu.Git-ExperimentsTests";
				PRODUCT_NAME = "$(TARGET_NAME)";
				SWIFT_EMIT_LOC_STRINGS = NO;
				SWIFT_VERSION = 5.0;
				TARGETED_DEVICE_FAMILY = "1,2";
				TEST_HOST = "$(BUILT_PRODUCTS_DIR)/Git Experiments.app/$(BUNDLE_EXECUTABLE_FOLDER_PATH)/Git Experiments";
			};
			name = Release;
		};
		A094E5412CE0E3B7001AFF76 /* Debug */ = {
			isa = XCBuildConfiguration;
			buildSettings = {
				CODE_SIGN_STYLE = Automatic;
				CURRENT_PROJECT_VERSION = 1;
				DEVELOPMENT_TEAM = HZ5CA5A584;
				GENERATE_INFOPLIST_FILE = YES;
				MARKETING_VERSION = 1.0;
				PRODUCT_BUNDLE_IDENTIFIER = "TheHu.Git-ExperimentsUITests";
				PRODUCT_NAME = "$(TARGET_NAME)";
				SWIFT_EMIT_LOC_STRINGS = NO;
				SWIFT_VERSION = 5.0;
				TARGETED_DEVICE_FAMILY = "1,2";
				TEST_TARGET_NAME = "Git Experiments";
			};
			name = Debug;
		};
		A094E5422CE0E3B7001AFF76 /* Release */ = {
			isa = XCBuildConfiguration;
			buildSettings = {
				CODE_SIGN_STYLE = Automatic;
				CURRENT_PROJECT_VERSION = 1;
				DEVELOPMENT_TEAM = HZ5CA5A584;
				GENERATE_INFOPLIST_FILE = YES;
				MARKETING_VERSION = 1.0;
				PRODUCT_BUNDLE_IDENTIFIER = "TheHu.Git-ExperimentsUITests";
				PRODUCT_NAME = "$(TARGET_NAME)";
				SWIFT_EMIT_LOC_STRINGS = NO;
				SWIFT_VERSION = 5.0;
				TARGETED_DEVICE_FAMILY = "1,2";
				TEST_TARGET_NAME = "Git Experiments";
			};
			name = Release;
		};
/* End XCBuildConfiguration section */

/* Begin XCConfigurationList section */
		A094E50A2CE0E3B6001AFF76 /* Build configuration list for PBXProject "Git Experiments" */ = {
			isa = XCConfigurationList;
			buildConfigurations = (
				A094E53B2CE0E3B7001AFF76 /* Debug */,
				A094E53C2CE0E3B7001AFF76 /* Release */,
			);
			defaultConfigurationIsVisible = 0;
			defaultConfigurationName = Release;
		};
		A094E5382CE0E3B7001AFF76 /* Build configuration list for PBXNativeTarget "Git Experiments" */ = {
			isa = XCConfigurationList;
			buildConfigurations = (
				A094E5392CE0E3B7001AFF76 /* Debug */,
				A094E53A2CE0E3B7001AFF76 /* Release */,
			);
			defaultConfigurationIsVisible = 0;
			defaultConfigurationName = Release;
		};
		A094E53D2CE0E3B7001AFF76 /* Build configuration list for PBXNativeTarget "Git ExperimentsTests" */ = {
			isa = XCConfigurationList;
			buildConfigurations = (
				A094E53E2CE0E3B7001AFF76 /* Debug */,
				A094E53F2CE0E3B7001AFF76 /* Release */,
			);
			defaultConfigurationIsVisible = 0;
			defaultConfigurationName = Release;
		};
		A094E5402CE0E3B7001AFF76 /* Build configuration list for PBXNativeTarget "Git ExperimentsUITests" */ = {
			isa = XCConfigurationList;
			buildConfigurations = (
				A094E5412CE0E3B7001AFF76 /* Debug */,
				A094E5422CE0E3B7001AFF76 /* Release */,
			);
			defaultConfigurationIsVisible = 0;
			defaultConfigurationName = Release;
		};
/* End XCConfigurationList section */
	};
	rootObject = A094E5072CE0E3B6001AFF76 /* Project object */;
}
